
Microsoft Visual Studio Solution File, Format Version 12.00
# Visual Studio Version 16
Project("{8BC9CEB8-8B4A-11D0-8D11-00A0C91BC942}") = "ALL_BUILD", "ALL_BUILD.vcxproj", "{144F3780-2B71-316E-88FE-D0306E4FC261}"
	ProjectSection(ProjectDependencies) = postProject
		{C6B10944-008B-3BCD-BEBD-9859A4CB530F} = {C6B10944-008B-3BCD-BEBD-9859A4CB530F}
	EndProjectSection
EndProject
Project("{8BC9CEB8-8B4A-11D0-8D11-00A0C91BC942}") = "EngineModule", "EngineModule.vcxproj", "{C6B10944-008B-3BCD-BEBD-9859A4CB530F}"
	ProjectSection(ProjectDependencies) = postProject
		{42AA3061-E8BC-3B0C-8250-08E6F00EE2F0} = {42AA3061-E8BC-3B0C-8250-08E6F00EE2F0}
		{B0ECF3F6-1D00-30B0-8AF8-A9879F34B001} = {B0ECF3F6-1D00-30B0-8AF8-A9879F34B001}
	EndProjectSection
EndProject
Project("{8BC9CEB8-8B4A-11D0-8D11-00A0C91BC942}") = "MathModule", "..\Math\MathModule.vcxproj", "{42AA3061-E8BC-3B0C-8250-08E6F00EE2F0}"
	ProjectSection(ProjectDependencies) = postProject
	EndProjectSection
EndProject
Project("{8BC9CEB8-8B4A-11D0-8D11-00A0C91BC942}") = "RendererModule", "..\Renderer\RendererModule.vcxproj", "{B0ECF3F6-1D00-30B0-8AF8-A9879F34B001}"
	ProjectSection(ProjectDependencies) = postProject
		{42AA3061-E8BC-3B0C-8250-08E6F00EE2F0} = {42AA3061-E8BC-3B0C-8250-08E6F00EE2F0}
	EndProjectSection
EndProject
Global
	GlobalSection(SolutionConfigurationPlatforms) = preSolution
		Debug|x64 = Debug|x64
		Release|x64 = Release|x64
		MinSizeRel|x64 = MinSizeRel|x64
		RelWithDebInfo|x64 = RelWithDebInfo|x64
	EndGlobalSection
	GlobalSection(ProjectConfigurationPlatforms) = postSolution
		{144F3780-2B71-316E-88FE-D0306E4FC261}.Debug|x64.ActiveCfg = Debug|x64
		{144F3780-2B71-316E-88FE-D0306E4FC261}.Release|x64.ActiveCfg = Release|x64
		{144F3780-2B71-316E-88FE-D0306E4FC261}.MinSizeRel|x64.ActiveCfg = MinSizeRel|x64
		{144F3780-2B71-316E-88FE-D0306E4FC261}.RelWithDebInfo|x64.ActiveCfg = RelWithDebInfo|x64
		{C6B10944-008B-3BCD-BEBD-9859A4CB530F}.Debug|x64.ActiveCfg = Debug|x64
		{C6B10944-008B-3BCD-BEBD-9859A4CB530F}.Debug|x64.Build.0 = Debug|x64
		{C6B10944-008B-3BCD-BEBD-9859A4CB530F}.Release|x64.ActiveCfg = Release|x64
		{C6B10944-008B-3BCD-BEBD-9859A4CB530F}.Release|x64.Build.0 = Release|x64
		{C6B10944-008B-3BCD-BEBD-9859A4CB530F}.MinSizeRel|x64.ActiveCfg = MinSizeRel|x64
		{C6B10944-008B-3BCD-BEBD-9859A4CB530F}.MinSizeRel|x64.Build.0 = MinSizeRel|x64
		{C6B10944-008B-3BCD-BEBD-9859A4CB530F}.RelWithDebInfo|x64.ActiveCfg = RelWithDebInfo|x64
		{C6B10944-008B-3BCD-BEBD-9859A4CB530F}.RelWithDebInfo|x64.Build.0 = RelWithDebInfo|x64
		{42AA3061-E8BC-3B0C-8250-08E6F00EE2F0}.Debug|x64.ActiveCfg = Debug|x64
		{42AA3061-E8BC-3B0C-8250-08E6F00EE2F0}.Debug|x64.Build.0 = Debug|x64
		{42AA3061-E8BC-3B0C-8250-08E6F00EE2F0}.Release|x64.ActiveCfg = Release|x64
		{42AA3061-E8BC-3B0C-8250-08E6F00EE2F0}.Release|x64.Build.0 = Release|x64
		{42AA3061-E8BC-3B0C-8250-08E6F00EE2F0}.MinSizeRel|x64.ActiveCfg = MinSizeRel|x64
		{42AA3061-E8BC-3B0C-8250-08E6F00EE2F0}.MinSizeRel|x64.Build.0 = MinSizeRel|x64
		{42AA3061-E8BC-3B0C-8250-08E6F00EE2F0}.RelWithDebInfo|x64.ActiveCfg = RelWithDebInfo|x64
		{42AA3061-E8BC-3B0C-8250-08E6F00EE2F0}.RelWithDebInfo|x64.Build.0 = RelWithDebInfo|x64
		{B0ECF3F6-1D00-30B0-8AF8-A9879F34B001}.Debug|x64.ActiveCfg = Debug|x64
		{B0ECF3F6-1D00-30B0-8AF8-A9879F34B001}.Debug|x64.Build.0 = Debug|x64
		{B0ECF3F6-1D00-30B0-8AF8-A9879F34B001}.Release|x64.ActiveCfg = Release|x64
		{B0ECF3F6-1D00-30B0-8AF8-A9879F34B001}.Release|x64.Build.0 = Release|x64
		{B0ECF3F6-1D00-30B0-8AF8-A9879F34B001}.MinSizeRel|x64.ActiveCfg = MinSizeRel|x64
		{B0ECF3F6-1D00-30B0-8AF8-A9879F34B001}.MinSizeRel|x64.Build.0 = MinSizeRel|x64
		{B0ECF3F6-1D00-30B0-8AF8-A9879F34B001}.RelWithDebInfo|x64.ActiveCfg = RelWithDebInfo|x64
		{B0ECF3F6-1D00-30B0-8AF8-A9879F34B001}.RelWithDebInfo|x64.Build.0 = RelWithDebInfo|x64
	EndGlobalSection
	GlobalSection(ExtensibilityGlobals) = postSolution
		SolutionGuid = {FF625E8D-ADA5-37D5-927E-F3A32C60FA02}
	EndGlobalSection
	GlobalSection(ExtensibilityAddIns) = postSolution
	EndGlobalSection
EndGlobal
